<?xml version="1.0" encoding="utf-8"?>
<Project ToolsVersion="4.0" xmlns="http://schemas.microsoft.com/developer/msbuild/2003">
  <ItemGroup>
    <Filter Include="소스 파일">
      <UniqueIdentifier>{4FC737F1-C7A5-4376-A066-2A32D752A2FF}</UniqueIdentifier>
      <Extensions>cpp;c;cc;cxx;def;odl;idl;hpj;bat;asm;asmx</Extensions>
    </Filter>
    <Filter Include="헤더 파일">
      <UniqueIdentifier>{93995380-89BD-4b04-88EB-625FBE52EBFB}</UniqueIdentifier>
      <Extensions>h;hh;hpp;hxx;hm;inl;inc;ipp;xsd</Extensions>
    </Filter>
    <Filter Include="리소스 파일">
      <UniqueIdentifier>{67DA6AB6-F800-4c08-8B7A-83BB121AAD01}</UniqueIdentifier>
      <Extensions>rc;ico;cur;bmp;dlg;rc2;rct;bin;rgs;gif;jpg;jpeg;jpe;resx;tiff;tif;png;wav;mfcribbon-ms</Extensions>
    </Filter>
    <Filter Include="소스 파일\GraphicsSystem">
      <UniqueIdentifier>{f62cb573-b564-4901-a86b-b9ff12036813}</UniqueIdentifier>
    </Filter>
    <Filter Include="헤더 파일\GraphicsSystem">
      <UniqueIdentifier>{8901bab1-e6d0-4a5b-8be6-82a336701194}</UniqueIdentifier>
    </Filter>
    <Filter Include="소스 파일\InputSystem">
      <UniqueIdentifier>{79734839-bdb0-476d-8fb5-28b7e9effb24}</UniqueIdentifier>
    </Filter>
    <Filter Include="헤더 파일\InputSystem">
      <UniqueIdentifier>{8f34b63d-65bb-4ebb-bc4f-07aaca8be42b}</UniqueIdentifier>
    </Filter>
    <Filter Include="헤더 파일\windowSystem">
      <UniqueIdentifier>{36f2da3f-9db8-474a-8b52-9e8a82702905}</UniqueIdentifier>
    </Filter>
    <Filter Include="소스 파일\windowSystem">
      <UniqueIdentifier>{ee25c115-cf56-46f1-8405-8aa5805b9877}</UniqueIdentifier>
    </Filter>
    <Filter Include="소스 파일\GraphicsSystem\Resources">
      <UniqueIdentifier>{c6eba7a8-1a70-4769-8cae-34b085237e43}</UniqueIdentifier>
    </Filter>
    <Filter Include="헤더 파일\GraphicsSystem\Resources">
      <UniqueIdentifier>{5a8856d2-b020-4d74-8e7a-4b2c23616fc3}</UniqueIdentifier>
    </Filter>
    <Filter Include="소스 파일\GraphicsSystem\Scene">
      <UniqueIdentifier>{e04db2f6-5b53-4d29-a3c5-4631ce4f25aa}</UniqueIdentifier>
    </Filter>
    <Filter Include="헤더 파일\GraphicsSystem\Scene">
      <UniqueIdentifier>{d4f4b5e6-c9af-4d65-951d-b8b55cdb37ba}</UniqueIdentifier>
    </Filter>
    <Filter Include="헤더 파일\GraphicsSystem\UI">
      <UniqueIdentifier>{e40d3472-679c-4b01-af94-4dc0ab36a713}</UniqueIdentifier>
    </Filter>
    <Filter Include="소스 파일\GraphicsSystem\UI">
      <UniqueIdentifier>{dd9942e9-02bf-4aae-aca1-7a2cb95b35cd}</UniqueIdentifier>
    </Filter>
    <Filter Include="소스 파일\Object">
      <UniqueIdentifier>{b2b9392e-9088-4d07-84f3-90441457e3db}</UniqueIdentifier>
    </Filter>
    <Filter Include="헤더 파일\Object">
      <UniqueIdentifier>{cba5137d-b241-4095-8dfa-ff28ce2beedf}</UniqueIdentifier>
    </Filter>
    <Filter Include="헤더 파일\InputSystem\command">
      <UniqueIdentifier>{5c434a1d-8554-4eea-a4c7-cf5f769b1395}</UniqueIdentifier>
    </Filter>
    <Filter Include="소스 파일\InputSystem\command">
      <UniqueIdentifier>{cdf68fdd-13c3-4d42-b0ec-f1cb5e54bc1f}</UniqueIdentifier>
    </Filter>
  </ItemGroup>
  <ItemGroup>
    <ClCompile Include="Button.cpp">
      <Filter>소스 파일\GraphicsSystem\UI</Filter>
    </ClCompile>
    <ClCompile Include="Label.cpp">
      <Filter>소스 파일\GraphicsSystem\UI</Filter>
    </ClCompile>
    <ClCompile Include="Text.cpp">
      <Filter>소스 파일\GraphicsSystem\UI</Filter>
    </ClCompile>
    <ClCompile Include="UIManager.cpp">
      <Filter>소스 파일\GraphicsSystem\UI</Filter>
    </ClCompile>
    <ClCompile Include="UIObject.cpp">
      <Filter>소스 파일\GraphicsSystem\UI</Filter>
    </ClCompile>
    <ClCompile Include="Scene.cpp">
      <Filter>소스 파일\GraphicsSystem\Scene</Filter>
    </ClCompile>
    <ClCompile Include="SceneManager.cpp">
      <Filter>소스 파일\GraphicsSystem\Scene</Filter>
    </ClCompile>
    <ClCompile Include="BitMap.cpp">
      <Filter>소스 파일\GraphicsSystem\Resources</Filter>
    </ClCompile>
    <ClCompile Include="ResourcesManager.cpp">
      <Filter>소스 파일\GraphicsSystem\Resources</Filter>
    </ClCompile>
    <ClCompile Include="InputManager.cpp">
      <Filter>소스 파일\InputSystem</Filter>
    </ClCompile>
    <ClCompile Include="POINT.cpp">
      <Filter>소스 파일\InputSystem</Filter>
    </ClCompile>
    <ClCompile Include="EngineMain.cpp">
      <Filter>소스 파일\windowSystem</Filter>
    </ClCompile>
    <ClCompile Include="TimeManager.cpp">
      <Filter>소스 파일\windowSystem</Filter>
    </ClCompile>
    <ClCompile Include="MapManager.cpp">
      <Filter>소스 파일\GraphicsSystem\UI</Filter>
    </ClCompile>
    <ClCompile Include="Object.cpp">
      <Filter>소스 파일\Object</Filter>
    </ClCompile>
    <ClCompile Include="Command.cpp">
      <Filter>소스 파일\InputSystem\command</Filter>
    </ClCompile>
    <ClCompile Include="Action.cpp">
      <Filter>소스 파일\InputSystem\command</Filter>
    </ClCompile>
    <ClCompile Include="Collider.cpp">
      <Filter>소스 파일\Object</Filter>
    </ClCompile>
    <ClCompile Include="ObjectPool.cpp">
      <Filter>소스 파일\Object</Filter>
    </ClCompile>
  </ItemGroup>
  <ItemGroup>
    <ClInclude Include="Button.h">
      <Filter>헤더 파일\GraphicsSystem\UI</Filter>
    </ClInclude>
    <ClInclude Include="Label.h">
      <Filter>헤더 파일\GraphicsSystem\UI</Filter>
    </ClInclude>
    <ClInclude Include="Text.h">
      <Filter>헤더 파일\GraphicsSystem\UI</Filter>
    </ClInclude>
    <ClInclude Include="UIManager.h">
      <Filter>헤더 파일\GraphicsSystem\UI</Filter>
    </ClInclude>
    <ClInclude Include="UIObject.h">
      <Filter>헤더 파일\GraphicsSystem\UI</Filter>
    </ClInclude>
    <ClInclude Include="Scene.h">
      <Filter>헤더 파일\GraphicsSystem\Scene</Filter>
    </ClInclude>
    <ClInclude Include="SceneManager.h">
      <Filter>헤더 파일\GraphicsSystem\Scene</Filter>
    </ClInclude>
    <ClInclude Include="BitMap.h">
      <Filter>헤더 파일\GraphicsSystem\Resources</Filter>
    </ClInclude>
    <ClInclude Include="ResourcesManager.h">
      <Filter>헤더 파일\GraphicsSystem\Resources</Filter>
    </ClInclude>
    <ClInclude Include="InputManager.h">
      <Filter>헤더 파일\InputSystem</Filter>
    </ClInclude>
    <ClInclude Include="POINT.h">
      <Filter>헤더 파일\InputSystem</Filter>
    </ClInclude>
    <ClInclude Include="DoEngine.h">
      <Filter>헤더 파일\windowSystem</Filter>
    </ClInclude>
    <ClInclude Include="EngineMain.h">
      <Filter>헤더 파일\windowSystem</Filter>
    </ClInclude>
    <ClInclude Include="GlobalDefine.h">
      <Filter>헤더 파일\windowSystem</Filter>
    </ClInclude>
    <ClInclude Include="Singleton.h">
      <Filter>헤더 파일\windowSystem</Filter>
    </ClInclude>
    <ClInclude Include="TimeManager.h">
      <Filter>헤더 파일\windowSystem</Filter>
    </ClInclude>
    <ClInclude Include="MapManager.h">
      <Filter>헤더 파일\GraphicsSystem\UI</Filter>
    </ClInclude>
    <ClInclude Include="Object.h">
      <Filter>헤더 파일\Object</Filter>
    </ClInclude>
    <ClInclude Include="Command.h">
      <Filter>헤더 파일\InputSystem\command</Filter>
    </ClInclude>
    <ClInclude Include="Action.h">
      <Filter>헤더 파일\InputSystem\command</Filter>
    </ClInclude>
    <ClInclude Include="Collider.h">
      <Filter>헤더 파일\Object</Filter>
    </ClInclude>
    <ClInclude Include="ObjectPool.h">
      <Filter>헤더 파일\Object</Filter>
    </ClInclude>
  </ItemGroup>
</Project>