<?xml version="1.0" encoding="utf-8"?>
<Project ToolsVersion="4.0" xmlns="http://schemas.microsoft.com/developer/msbuild/2003">
  <ItemGroup>
    <Filter Include="소스 파일">
      <UniqueIdentifier>{4FC737F1-C7A5-4376-A066-2A32D752A2FF}</UniqueIdentifier>
      <Extensions>cpp;c;cc;cxx;def;odl;idl;hpj;bat;asm;asmx</Extensions>
    </Filter>
    <Filter Include="헤더 파일">
      <UniqueIdentifier>{93995380-89BD-4b04-88EB-625FBE52EBFB}</UniqueIdentifier>
      <Extensions>h;hh;hpp;hxx;hm;inl;inc;ipp;xsd</Extensions>
    </Filter>
    <Filter Include="리소스 파일">
      <UniqueIdentifier>{67DA6AB6-F800-4c08-8B7A-83BB121AAD01}</UniqueIdentifier>
      <Extensions>rc;ico;cur;bmp;dlg;rc2;rct;bin;rgs;gif;jpg;jpeg;jpe;resx;tiff;tif;png;wav;mfcribbon-ms</Extensions>
    </Filter>
    <Filter Include="소스 파일\GraphicsSystem">
      <UniqueIdentifier>{6f858521-ebfd-401d-b59e-5b1dfc29f1ab}</UniqueIdentifier>
    </Filter>
    <Filter Include="헤더 파일\GraphicsSystem">
      <UniqueIdentifier>{094fc373-0405-4a7f-96ca-52b507dd08a2}</UniqueIdentifier>
    </Filter>
    <Filter Include="소스 파일\GraphicsSystem\Resources">
      <UniqueIdentifier>{e1c582e0-4a29-483d-97df-f4dd1e2ef3ce}</UniqueIdentifier>
    </Filter>
    <Filter Include="헤더 파일\GraphicsSystem\Resources">
      <UniqueIdentifier>{0f38496b-3e13-4f6d-9dbf-80709b7b91aa}</UniqueIdentifier>
    </Filter>
    <Filter Include="헤더 파일\GraphicsSystem\Scene">
      <UniqueIdentifier>{82c9aecd-2503-4de1-a9e6-dc0b5a621958}</UniqueIdentifier>
    </Filter>
    <Filter Include="소스 파일\GraphicsSystem\Scene">
      <UniqueIdentifier>{6c630f4d-d252-4498-a50b-91d949f4933c}</UniqueIdentifier>
    </Filter>
    <Filter Include="소스 파일\GraphicsSystem\UI">
      <UniqueIdentifier>{7f0a3b03-a297-4757-8ed8-74372917e64a}</UniqueIdentifier>
    </Filter>
    <Filter Include="헤더 파일\GraphicsSystem\UI">
      <UniqueIdentifier>{e017fa37-84d9-4a5a-a9f3-2f89eaaebe41}</UniqueIdentifier>
    </Filter>
    <Filter Include="헤더 파일\InputSystem">
      <UniqueIdentifier>{e5fb10a3-8826-4a4d-ac6b-a5346222a1e1}</UniqueIdentifier>
    </Filter>
    <Filter Include="소스 파일\InputSystem">
      <UniqueIdentifier>{62dd5b44-062f-4f5f-b57b-177bd0e1a8c0}</UniqueIdentifier>
    </Filter>
    <Filter Include="소스 파일\windowSystem">
      <UniqueIdentifier>{d8857419-31cf-42cf-a9a4-72acb70df5a6}</UniqueIdentifier>
    </Filter>
    <Filter Include="헤더 파일\windowSystem">
      <UniqueIdentifier>{7312c613-d58d-4402-b3f3-c3a1dc940499}</UniqueIdentifier>
    </Filter>
  </ItemGroup>
  <ItemGroup>
    <ClCompile Include="..\Doyun%27s_Engine\BitMap.cpp">
      <Filter>소스 파일\GraphicsSystem\Resources</Filter>
    </ClCompile>
    <ClCompile Include="..\Doyun%27s_Engine\Button.cpp">
      <Filter>소스 파일\GraphicsSystem\UI</Filter>
    </ClCompile>
    <ClCompile Include="..\Doyun%27s_Engine\EngineMain.cpp">
      <Filter>소스 파일\windowSystem</Filter>
    </ClCompile>
    <ClCompile Include="..\Doyun%27s_Engine\InputManager.cpp">
      <Filter>소스 파일\InputSystem</Filter>
    </ClCompile>
    <ClCompile Include="..\Doyun%27s_Engine\Label.cpp">
      <Filter>소스 파일\GraphicsSystem\UI</Filter>
    </ClCompile>
    <ClCompile Include="..\Doyun%27s_Engine\ResourcesManager.cpp">
      <Filter>소스 파일\GraphicsSystem\Resources</Filter>
    </ClCompile>
    <ClCompile Include="..\Doyun%27s_Engine\POINT.cpp">
      <Filter>소스 파일\InputSystem</Filter>
    </ClCompile>
    <ClCompile Include="..\Doyun%27s_Engine\Scene.cpp">
      <Filter>소스 파일\GraphicsSystem\Scene</Filter>
    </ClCompile>
    <ClCompile Include="..\Doyun%27s_Engine\SceneManager.cpp">
      <Filter>소스 파일\GraphicsSystem\Scene</Filter>
    </ClCompile>
    <ClCompile Include="..\Doyun%27s_Engine\TimeManager.cpp">
      <Filter>소스 파일\windowSystem</Filter>
    </ClCompile>
    <ClCompile Include="..\Doyun%27s_Engine\UIManager.cpp">
      <Filter>소스 파일\GraphicsSystem\UI</Filter>
    </ClCompile>
    <ClCompile Include="..\Doyun%27s_Engine\UIObject.cpp">
      <Filter>소스 파일\GraphicsSystem\UI</Filter>
    </ClCompile>
    <ClCompile Include="..\Doyun%27s_Engine\Text.cpp">
      <Filter>소스 파일\GraphicsSystem\UI</Filter>
    </ClCompile>
  </ItemGroup>
  <ItemGroup>
    <ClInclude Include="..\Doyun%27s_Engine\UIObject.h">
      <Filter>헤더 파일\GraphicsSystem\UI</Filter>
    </ClInclude>
    <ClInclude Include="..\Doyun%27s_Engine\UIManager.h">
      <Filter>헤더 파일\GraphicsSystem\UI</Filter>
    </ClInclude>
    <ClInclude Include="..\Doyun%27s_Engine\TimeManager.h">
      <Filter>헤더 파일\windowSystem</Filter>
    </ClInclude>
    <ClInclude Include="..\Doyun%27s_Engine\Singleton.h">
      <Filter>헤더 파일\windowSystem</Filter>
    </ClInclude>
    <ClInclude Include="..\Doyun%27s_Engine\Scene.h">
      <Filter>헤더 파일\GraphicsSystem\Scene</Filter>
    </ClInclude>
    <ClInclude Include="..\Doyun%27s_Engine\SceneManager.h">
      <Filter>헤더 파일\GraphicsSystem\Scene</Filter>
    </ClInclude>
    <ClInclude Include="..\Doyun%27s_Engine\ResourcesManager.h">
      <Filter>헤더 파일\GraphicsSystem\Resources</Filter>
    </ClInclude>
    <ClInclude Include="..\Doyun%27s_Engine\POINT.h">
      <Filter>헤더 파일\InputSystem</Filter>
    </ClInclude>
    <ClInclude Include="..\Doyun%27s_Engine\Label.h">
      <Filter>헤더 파일\GraphicsSystem\UI</Filter>
    </ClInclude>
    <ClInclude Include="..\Doyun%27s_Engine\InputManager.h">
      <Filter>헤더 파일\InputSystem</Filter>
    </ClInclude>
    <ClInclude Include="..\Doyun%27s_Engine\GlobalDefine.h">
      <Filter>헤더 파일\windowSystem</Filter>
    </ClInclude>
    <ClInclude Include="..\Doyun%27s_Engine\EngineMain.h">
      <Filter>헤더 파일\windowSystem</Filter>
    </ClInclude>
    <ClInclude Include="..\Doyun%27s_Engine\DoEngine.h">
      <Filter>헤더 파일\windowSystem</Filter>
    </ClInclude>
    <ClInclude Include="..\Doyun%27s_Engine\Button.h">
      <Filter>헤더 파일\GraphicsSystem\UI</Filter>
    </ClInclude>
    <ClInclude Include="..\Doyun%27s_Engine\BitMap.h">
      <Filter>헤더 파일\GraphicsSystem\Resources</Filter>
    </ClInclude>
    <ClInclude Include="..\Doyun%27s_Engine\Text.h">
      <Filter>헤더 파일\GraphicsSystem\UI</Filter>
    </ClInclude>
  </ItemGroup>
</Project>