
Microsoft Visual Studio Solution File, Format Version 12.00
# Visual Studio Version 16
VisualStudioVersion = 16.0.29324.140
MinimumVisualStudioVersion = 10.0.40219.1
Project("{8BC9CEB8-8B4A-11D0-8D11-00A0C91BC942}") = "EveryGame", "EveryGame\EveryGame.vcxproj", "{48C55DAA-48D8-4AE4-BD31-D06CF4A3BBE4}"
EndProject
Project("{8BC9CEB8-8B4A-11D0-8D11-00A0C91BC942}") = "Doyun_Engine", "Doyun_Engine\Doyun_Engine.vcxproj", "{D3120854-64C9-4C31-B48C-8FDF25CC7B52}"
EndProject
Global
	GlobalSection(SolutionConfigurationPlatforms) = preSolution
		Debug|x64 = Debug|x64
		Debug|x86 = Debug|x86
		Release|x64 = Release|x64
		Release|x86 = Release|x86
	EndGlobalSection
	GlobalSection(ProjectConfigurationPlatforms) = postSolution
		{48C55DAA-48D8-4AE4-BD31-D06CF4A3BBE4}.Debug|x64.ActiveCfg = Debug|x64
		{48C55DAA-48D8-4AE4-BD31-D06CF4A3BBE4}.Debug|x64.Build.0 = Debug|x64
		{48C55DAA-48D8-4AE4-BD31-D06CF4A3BBE4}.Debug|x86.ActiveCfg = Debug|Win32
		{48C55DAA-48D8-4AE4-BD31-D06CF4A3BBE4}.Debug|x86.Build.0 = Debug|Win32
		{48C55DAA-48D8-4AE4-BD31-D06CF4A3BBE4}.Release|x64.ActiveCfg = Release|x64
		{48C55DAA-48D8-4AE4-BD31-D06CF4A3BBE4}.Release|x64.Build.0 = Release|x64
		{48C55DAA-48D8-4AE4-BD31-D06CF4A3BBE4}.Release|x86.ActiveCfg = Release|Win32
		{48C55DAA-48D8-4AE4-BD31-D06CF4A3BBE4}.Release|x86.Build.0 = Release|Win32
		{D3120854-64C9-4C31-B48C-8FDF25CC7B52}.Debug|x64.ActiveCfg = Debug|x64
		{D3120854-64C9-4C31-B48C-8FDF25CC7B52}.Debug|x64.Build.0 = Debug|x64
		{D3120854-64C9-4C31-B48C-8FDF25CC7B52}.Debug|x86.ActiveCfg = Debug|Win32
		{D3120854-64C9-4C31-B48C-8FDF25CC7B52}.Debug|x86.Build.0 = Debug|Win32
		{D3120854-64C9-4C31-B48C-8FDF25CC7B52}.Release|x64.ActiveCfg = Release|x64
		{D3120854-64C9-4C31-B48C-8FDF25CC7B52}.Release|x64.Build.0 = Release|x64
		{D3120854-64C9-4C31-B48C-8FDF25CC7B52}.Release|x86.ActiveCfg = Release|Win32
		{D3120854-64C9-4C31-B48C-8FDF25CC7B52}.Release|x86.Build.0 = Release|Win32
	EndGlobalSection
	GlobalSection(SolutionProperties) = preSolution
		HideSolutionNode = FALSE
	EndGlobalSection
	GlobalSection(ExtensibilityGlobals) = postSolution
		SolutionGuid = {5283C303-0792-4832-B552-9BBB25DD588C}
	EndGlobalSection
EndGlobal
