<?xml version="1.0" encoding="utf-8"?>
<Project ToolsVersion="4.0" xmlns="http://schemas.microsoft.com/developer/msbuild/2003">
  <ItemGroup>
    <Filter Include="소스 파일">
      <UniqueIdentifier>{4FC737F1-C7A5-4376-A066-2A32D752A2FF}</UniqueIdentifier>
      <Extensions>cpp;c;cc;cxx;def;odl;idl;hpj;bat;asm;asmx</Extensions>
    </Filter>
    <Filter Include="헤더 파일">
      <UniqueIdentifier>{93995380-89BD-4b04-88EB-625FBE52EBFB}</UniqueIdentifier>
      <Extensions>h;hh;hpp;hxx;hm;inl;inc;ipp;xsd</Extensions>
    </Filter>
    <Filter Include="리소스 파일">
      <UniqueIdentifier>{67DA6AB6-F800-4c08-8B7A-83BB121AAD01}</UniqueIdentifier>
      <Extensions>rc;ico;cur;bmp;dlg;rc2;rct;bin;rgs;gif;jpg;jpeg;jpe;resx;tiff;tif;png;wav;mfcribbon-ms</Extensions>
    </Filter>
    <Filter Include="소스 파일\GraphicsSystem">
      <UniqueIdentifier>{f881f3e5-b327-4906-88af-d016731db21b}</UniqueIdentifier>
    </Filter>
    <Filter Include="헤더 파일\GraphicsSystem">
      <UniqueIdentifier>{0115f41f-c5e6-4922-a6d3-77919eb73165}</UniqueIdentifier>
    </Filter>
    <Filter Include="소스 파일\InputSystem">
      <UniqueIdentifier>{fbe01b1e-6512-4ae8-9f3d-112d1f489e5e}</UniqueIdentifier>
    </Filter>
    <Filter Include="헤더 파일\InputSystem">
      <UniqueIdentifier>{55970695-a075-4ecb-8f63-5789803e9190}</UniqueIdentifier>
    </Filter>
    <Filter Include="헤더 파일\windowSystem">
      <UniqueIdentifier>{3d19e040-109c-4e63-9ab4-358da3f56980}</UniqueIdentifier>
    </Filter>
    <Filter Include="소스 파일\windowSystem">
      <UniqueIdentifier>{5cc2d4c4-ba55-45e3-aa9d-968f5e8e236f}</UniqueIdentifier>
    </Filter>
    <Filter Include="소스 파일\GraphicsSystem\Scene">
      <UniqueIdentifier>{b93932a5-ca61-4d67-971b-1b12353527c9}</UniqueIdentifier>
    </Filter>
    <Filter Include="헤더 파일\GraphicsSystem\UI">
      <UniqueIdentifier>{7f79eb36-bc68-4522-b676-1316f3bba511}</UniqueIdentifier>
    </Filter>
    <Filter Include="소스 파일\GraphicsSystem\UI">
      <UniqueIdentifier>{392c7cb9-b022-49e6-a044-911cdb919c94}</UniqueIdentifier>
    </Filter>
    <Filter Include="소스 파일\GraphicsSystem\Resources">
      <UniqueIdentifier>{aadcf903-b4fc-4f47-90c6-98e81b5b2885}</UniqueIdentifier>
    </Filter>
    <Filter Include="헤더 파일\GraphicsSystem\Resources">
      <UniqueIdentifier>{52174540-d410-4b6b-8307-c00e4c578bc0}</UniqueIdentifier>
    </Filter>
    <Filter Include="헤더 파일\GraphicsSystem\Scene">
      <UniqueIdentifier>{80d663e0-1d2f-47a8-8705-73cf1d9a294c}</UniqueIdentifier>
    </Filter>
  </ItemGroup>
  <ItemGroup>
    <ClCompile Include="..\..\Doyun%27s Engine\Doyun%27s Engine\BitMap.cpp">
      <Filter>소스 파일\GraphicsSystem\Resources</Filter>
    </ClCompile>
    <ClCompile Include="..\..\Doyun%27s Engine\Doyun%27s Engine\ResourcesManager.cpp">
      <Filter>소스 파일\GraphicsSystem\Resources</Filter>
    </ClCompile>
    <ClCompile Include="..\..\Doyun%27s Engine\Doyun%27s Engine\Scene.cpp">
      <Filter>소스 파일\GraphicsSystem\Scene</Filter>
    </ClCompile>
    <ClCompile Include="..\..\Doyun%27s Engine\Doyun%27s Engine\SceneManager.cpp">
      <Filter>소스 파일\GraphicsSystem\Scene</Filter>
    </ClCompile>
    <ClCompile Include="..\..\Doyun%27s Engine\Doyun%27s Engine\Button.cpp">
      <Filter>소스 파일\GraphicsSystem\UI</Filter>
    </ClCompile>
    <ClCompile Include="..\..\Doyun%27s Engine\Doyun%27s Engine\Label.cpp">
      <Filter>소스 파일\GraphicsSystem\UI</Filter>
    </ClCompile>
    <ClCompile Include="..\..\Doyun%27s Engine\Doyun%27s Engine\UIManager.cpp">
      <Filter>소스 파일\GraphicsSystem\UI</Filter>
    </ClCompile>
    <ClCompile Include="..\..\Doyun%27s Engine\Doyun%27s Engine\UIObject.cpp">
      <Filter>소스 파일\GraphicsSystem\UI</Filter>
    </ClCompile>
    <ClCompile Include="..\..\Doyun%27s Engine\Doyun%27s Engine\InputManager.cpp">
      <Filter>소스 파일\InputSystem</Filter>
    </ClCompile>
    <ClCompile Include="..\..\Doyun%27s Engine\Doyun%27s Engine\POINT.cpp">
      <Filter>소스 파일\InputSystem</Filter>
    </ClCompile>
    <ClCompile Include="..\..\Doyun%27s Engine\Doyun%27s Engine\EngineMain.cpp">
      <Filter>소스 파일\windowSystem</Filter>
    </ClCompile>
    <ClCompile Include="..\..\Doyun%27s Engine\Doyun%27s Engine\TimeManager.cpp">
      <Filter>소스 파일\windowSystem</Filter>
    </ClCompile>
  </ItemGroup>
  <ItemGroup>
    <ClInclude Include="..\..\Doyun%27s Engine\Doyun%27s Engine\BitMap.h">
      <Filter>헤더 파일\GraphicsSystem\Resources</Filter>
    </ClInclude>
    <ClInclude Include="..\..\Doyun%27s Engine\Doyun%27s Engine\ResourcesManager.h">
      <Filter>헤더 파일\GraphicsSystem\Resources</Filter>
    </ClInclude>
    <ClInclude Include="..\..\Doyun%27s Engine\Doyun%27s Engine\Scene.h">
      <Filter>헤더 파일\GraphicsSystem\Scene</Filter>
    </ClInclude>
    <ClInclude Include="..\..\Doyun%27s Engine\Doyun%27s Engine\SceneManager.h">
      <Filter>헤더 파일\GraphicsSystem\Scene</Filter>
    </ClInclude>
    <ClInclude Include="..\..\Doyun%27s Engine\Doyun%27s Engine\Button.h">
      <Filter>헤더 파일\GraphicsSystem\UI</Filter>
    </ClInclude>
    <ClInclude Include="..\..\Doyun%27s Engine\Doyun%27s Engine\Label.h">
      <Filter>헤더 파일\GraphicsSystem\UI</Filter>
    </ClInclude>
    <ClInclude Include="..\..\Doyun%27s Engine\Doyun%27s Engine\UIManager.h">
      <Filter>헤더 파일\GraphicsSystem\UI</Filter>
    </ClInclude>
    <ClInclude Include="..\..\Doyun%27s Engine\Doyun%27s Engine\UIObject.h">
      <Filter>헤더 파일\GraphicsSystem\UI</Filter>
    </ClInclude>
    <ClInclude Include="..\..\Doyun%27s Engine\Doyun%27s Engine\InputManager.h">
      <Filter>헤더 파일\InputSystem</Filter>
    </ClInclude>
    <ClInclude Include="..\..\Doyun%27s Engine\Doyun%27s Engine\POINT.h">
      <Filter>헤더 파일\InputSystem</Filter>
    </ClInclude>
    <ClInclude Include="..\..\Doyun%27s Engine\Doyun%27s Engine\DoEngine.h">
      <Filter>헤더 파일\windowSystem</Filter>
    </ClInclude>
    <ClInclude Include="..\..\Doyun%27s Engine\Doyun%27s Engine\EngineMain.h">
      <Filter>헤더 파일\windowSystem</Filter>
    </ClInclude>
    <ClInclude Include="..\..\Doyun%27s Engine\Doyun%27s Engine\GlobalDefine.h">
      <Filter>헤더 파일\windowSystem</Filter>
    </ClInclude>
    <ClInclude Include="..\..\Doyun%27s Engine\Doyun%27s Engine\Singleton.h">
      <Filter>헤더 파일\windowSystem</Filter>
    </ClInclude>
    <ClInclude Include="..\..\Doyun%27s Engine\Doyun%27s Engine\TimeManager.h">
      <Filter>헤더 파일\windowSystem</Filter>
    </ClInclude>
  </ItemGroup>
</Project>